<?xml version="1.0" encoding="utf-8"?>
<Project ToolsVersion="4.0" xmlns="http://schemas.microsoft.com/developer/msbuild/2003">
  <ItemGroup>
    <Filter Include="Source Files">
      <UniqueIdentifier>{4FC737F1-C7A5-4376-A066-2A32D752A2FF}</UniqueIdentifier>
      <Extensions>cpp;c;cc;cxx;def;odl;idl;hpj;bat;asm;asmx</Extensions>
    </Filter>
    <Filter Include="Header Files">
      <UniqueIdentifier>{93995380-89BD-4b04-88EB-625FBE52EBFB}</UniqueIdentifier>
      <Extensions>h;hpp;hxx;hm;inl;inc;xsd</Extensions>
    </Filter>
    <Filter Include="Resource Files">
      <UniqueIdentifier>{67DA6AB6-F800-4c08-8B7A-83BB121AAD01}</UniqueIdentifier>
      <Extensions>rc;ico;cur;bmp;dlg;rc2;rct;bin;rgs;gif;jpg;jpeg;jpe;resx;tiff;tif;png;wav</Extensions>
    </Filter>
  </ItemGroup>
  <ItemGroup>
    <ClCompile Include="DlgRecord.cpp">
      <Filter>Source Files</Filter>
    </ClCompile>
    <ClCompile Include="DlgSet.cpp">
      <Filter>Source Files</Filter>
    </ClCompile>
    <ClCompile Include="SIPCall.cpp">
      <Filter>Source Files</Filter>
    </ClCompile>
    <ClCompile Include="SIPCallDlg.cpp">
      <Filter>Source Files</Filter>
    </ClCompile>
    <ClCompile Include="stdafx.cpp">
      <Filter>Source Files</Filter>
    </ClCompile>
    <ClCompile Include="VoiceTTS.cpp">
      <Filter>Source Files</Filter>
    </ClCompile>
    <ClCompile Include="AudioPlay.cpp">
      <Filter>Source Files</Filter>
    </ClCompile>
    <ClCompile Include="DecodeMsg.cpp">
      <Filter>Source Files</Filter>
    </ClCompile>
    <ClCompile Include="SNLock.cpp">
      <Filter>Source Files</Filter>
    </ClCompile>
    <ClCompile Include="HttpRecv.cpp">
      <Filter>Source Files</Filter>
    </ClCompile>
    <ClCompile Include="RWXml.cpp">
      <Filter>Source Files</Filter>
    </ClCompile>
    <ClCompile Include="tinystr.cpp">
      <Filter>Source Files</Filter>
    </ClCompile>
    <ClCompile Include="tinyxml.cpp">
      <Filter>Source Files</Filter>
    </ClCompile>
    <ClCompile Include="tinyxmlerror.cpp">
      <Filter>Source Files</Filter>
    </ClCompile>
    <ClCompile Include="tinyxmlparser.cpp">
      <Filter>Source Files</Filter>
    </ClCompile>
    <ClCompile Include="DataM.cpp">
      <Filter>Source Files</Filter>
    </ClCompile>
    <ClCompile Include="SQLite.cpp">
      <Filter>Source Files</Filter>
    </ClCompile>
    <ClCompile Include="RWIni.cpp">
      <Filter>Source Files</Filter>
    </ClCompile>
    <ClCompile Include="ReportCtrl.cpp">
      <Filter>Source Files</Filter>
    </ClCompile>
    <ClCompile Include="DlgDB.cpp">
      <Filter>Source Files</Filter>
    </ClCompile>
    <ClCompile Include="Log2File.cpp">
      <Filter>Source Files</Filter>
    </ClCompile>
    <ClCompile Include="Config.cpp">
      <Filter>Source Files</Filter>
    </ClCompile>
    <ClCompile Include="LogicApp.cpp">
      <Filter>Source Files</Filter>
    </ClCompile>
    <ClCompile Include="ZBase64.cpp">
      <Filter>Source Files</Filter>
    </ClCompile>
    <ClCompile Include="DlgLogin.cpp">
      <Filter>Source Files</Filter>
    </ClCompile>
    <ClCompile Include="DlgBC.cpp">
      <Filter>Source Files</Filter>
    </ClCompile>
    <ClCompile Include="MgrUser.cpp">
      <Filter>Source Files</Filter>
    </ClCompile>
    <ClCompile Include="DlgUser.cpp">
      <Filter>Source Files</Filter>
    </ClCompile>
    <ClCompile Include="DlgPwd.cpp">
      <Filter>Source Files</Filter>
    </ClCompile>
    <ClCompile Include="SoundBase.cpp">
      <Filter>Source Files</Filter>
    </ClCompile>
    <ClCompile Include="MgrPic.cpp">
      <Filter>Source Files</Filter>
    </ClCompile>
    <ClCompile Include="MgrPlay.cpp">
      <Filter>Source Files</Filter>
    </ClCompile>
    <ClCompile Include="BtnST.cpp">
      <Filter>Source Files</Filter>
    </ClCompile>
    <ClCompile Include="DlgIPSet.cpp">
      <Filter>Source Files</Filter>
    </ClCompile>
    <ClCompile Include="DlgPwdCheck.cpp">
      <Filter>Source Files</Filter>
    </ClCompile>
    <ClCompile Include="Label.cpp">
      <Filter>Source Files</Filter>
    </ClCompile>
    <ClCompile Include="MsgQue.cpp">
      <Filter>Source Files</Filter>
    </ClCompile>
    <ClCompile Include="DlgMonitor.cpp">
      <Filter>Source Files</Filter>
    </ClCompile>
    <ClCompile Include="DlgPopCall.cpp">
      <Filter>Source Files</Filter>
    </ClCompile>
  </ItemGroup>
  <ItemGroup>
    <ClInclude Include="DlgRecord.h">
      <Filter>Header Files</Filter>
    </ClInclude>
    <ClInclude Include="DlgSet.h">
      <Filter>Header Files</Filter>
    </ClInclude>
    <ClInclude Include="Resource.h">
      <Filter>Header Files</Filter>
    </ClInclude>
    <ClInclude Include="SIPCall.h">
      <Filter>Header Files</Filter>
    </ClInclude>
    <ClInclude Include="SIPCallDlg.h">
      <Filter>Header Files</Filter>
    </ClInclude>
    <ClInclude Include="stdafx.h">
      <Filter>Header Files</Filter>
    </ClInclude>
    <ClInclude Include="VoiceTTS.h">
      <Filter>Header Files</Filter>
    </ClInclude>
    <ClInclude Include="AudioPlay.h">
      <Filter>Header Files</Filter>
    </ClInclude>
    <ClInclude Include="DecodeMsg.h">
      <Filter>Header Files</Filter>
    </ClInclude>
    <ClInclude Include="SNLock.h">
      <Filter>Header Files</Filter>
    </ClInclude>
    <ClInclude Include="HttpRecv.h">
      <Filter>Header Files</Filter>
    </ClInclude>
    <ClInclude Include="RWXml.h">
      <Filter>Header Files</Filter>
    </ClInclude>
    <ClInclude Include="tinystr.h">
      <Filter>Header Files</Filter>
    </ClInclude>
    <ClInclude Include="tinyxml.h">
      <Filter>Header Files</Filter>
    </ClInclude>
    <ClInclude Include="DataM.h">
      <Filter>Header Files</Filter>
    </ClInclude>
    <ClInclude Include="SQLite.h">
      <Filter>Header Files</Filter>
    </ClInclude>
    <ClInclude Include="RWIni.h">
      <Filter>Header Files</Filter>
    </ClInclude>
    <ClInclude Include="ReportCtrl.h">
      <Filter>Source Files</Filter>
    </ClInclude>
    <ClInclude Include="DlgDB.h">
      <Filter>Header Files</Filter>
    </ClInclude>
    <ClInclude Include="MsgDef.h">
      <Filter>Header Files</Filter>
    </ClInclude>
    <ClInclude Include="Log2File.h">
      <Filter>Header Files</Filter>
    </ClInclude>
    <ClInclude Include="Config.h">
      <Filter>Header Files</Filter>
    </ClInclude>
    <ClInclude Include="LogicApp.h">
      <Filter>Header Files</Filter>
    </ClInclude>
    <ClInclude Include="ZBase64.h">
      <Filter>Header Files</Filter>
    </ClInclude>
    <ClInclude Include="DlgLogin.h">
      <Filter>Header Files</Filter>
    </ClInclude>
    <ClInclude Include="DlgBC.h">
      <Filter>Header Files</Filter>
    </ClInclude>
    <ClInclude Include="MgrUser.h">
      <Filter>Header Files</Filter>
    </ClInclude>
    <ClInclude Include="DlgUser.h">
      <Filter>Header Files</Filter>
    </ClInclude>
    <ClInclude Include="DlgPwd.h">
      <Filter>Header Files</Filter>
    </ClInclude>
    <ClInclude Include="ConfigEnumDef.h">
      <Filter>Header Files</Filter>
    </ClInclude>
    <ClInclude Include="SoundBase.h">
      <Filter>Header Files</Filter>
    </ClInclude>
    <ClInclude Include="CApplication.h">
      <Filter>Header Files</Filter>
    </ClInclude>
    <ClInclude Include="CWorkbook.h">
      <Filter>Header Files</Filter>
    </ClInclude>
    <ClInclude Include="CWorksheet.h">
      <Filter>Header Files</Filter>
    </ClInclude>
    <ClInclude Include="CFont0.h">
      <Filter>Header Files</Filter>
    </ClInclude>
    <ClInclude Include="CWorkbooks.h">
      <Filter>Header Files</Filter>
    </ClInclude>
    <ClInclude Include="CWorksheets.h">
      <Filter>Header Files</Filter>
    </ClInclude>
    <ClInclude Include="CRange.h">
      <Filter>Header Files</Filter>
    </ClInclude>
    <ClInclude Include="MgrPic.h">
      <Filter>Header Files</Filter>
    </ClInclude>
    <ClInclude Include="MgrPlay.h">
      <Filter>Header Files</Filter>
    </ClInclude>
    <ClInclude Include="BtnST.h">
      <Filter>Header Files</Filter>
    </ClInclude>
    <ClInclude Include="DlgIPSet.h">
      <Filter>Header Files</Filter>
    </ClInclude>
    <ClInclude Include="DlgPwdCheck.h">
      <Filter>Header Files</Filter>
    </ClInclude>
    <ClInclude Include="CDataStruct.h">
      <Filter>Header Files</Filter>
    </ClInclude>
    <ClInclude Include="Label.h">
      <Filter>Header Files</Filter>
    </ClInclude>
    <ClInclude Include="MsgQue.h">
      <Filter>Header Files</Filter>
    </ClInclude>
    <ClInclude Include="LayoutConfig.h">
      <Filter>Header Files</Filter>
    </ClInclude>
    <ClInclude Include="DlgMonitor.h">
      <Filter>Header Files</Filter>
    </ClInclude>
    <ClInclude Include="DlgPopCall.h">
      <Filter>Header Files</Filter>
    </ClInclude>
  </ItemGroup>
  <ItemGroup>
    <None Include="res\SIPCall.ico">
      <Filter>Resource Files</Filter>
    </None>
    <None Include="res\SIPCall.rc2">
      <Filter>Resource Files</Filter>
    </None>
    <None Include="ReadMe.txt" />
    <None Include="res\icon1.ico">
      <Filter>Resource Files</Filter>
    </None>
    <None Include="ClassDiagram1.cd" />
  </ItemGroup>
  <ItemGroup>
    <ResourceCompile Include="SIPCall.rc">
      <Filter>Resource Files</Filter>
    </ResourceCompile>
  </ItemGroup>
</Project>